
Microsoft Visual Studio Solution File, Format Version 12.00
# Visual Studio 14
VisualStudioVersion = 14.0.23107.0
MinimumVisualStudioVersion = 10.0.40219.1
Project("{FAE04EC0-301F-11D3-BF4B-00C04F79EFBC}") = "DataAccessLayer", "DataAccessLayer\DataAccessLayer.csproj", "{2F89F3CE-4B99-4DF2-B424-EDC857536307}"
EndProject
Project("{FAE04EC0-301F-11D3-BF4B-00C04F79EFBC}") = "Entities", "Entities\Entities.csproj", "{894058FD-F076-4B44-9A3B-2432B1E6F8FD}"
EndProject
Project("{FAE04EC0-301F-11D3-BF4B-00C04F79EFBC}") = "BusinessLogicLayer", "BusinessLogicLayer\BusinessLogicLayer.csproj", "{DBBEEC43-6311-406B-9DC6-9CF9F1750FAC}"
	ProjectSection(ProjectDependencies) = postProject
		{213BDC56-6357-4D1C-B177-2ABA17CD2EB7} = {213BDC56-6357-4D1C-B177-2ABA17CD2EB7}
		{2F89F3CE-4B99-4DF2-B424-EDC857536307} = {2F89F3CE-4B99-4DF2-B424-EDC857536307}
		{894058FD-F076-4B44-9A3B-2432B1E6F8FD} = {894058FD-F076-4B44-9A3B-2432B1E6F8FD}
	EndProjectSection
EndProject
Project("{FAE04EC0-301F-11D3-BF4B-00C04F79EFBC}") = "InterfacesLibrary", "InterfacesLibrary\InterfacesLibrary.csproj", "{213BDC56-6357-4D1C-B177-2ABA17CD2EB7}"
EndProject
Project("{FAE04EC0-301F-11D3-BF4B-00C04F79EFBC}") = "GridMoment.UI.WebSite", "GridMoment.UI.WebSite\GridMoment.UI.WebSite.csproj", "{8AE5DC08-6961-4B91-B8AE-15D4CEC4F14C}"
EndProject
Global
	GlobalSection(SolutionConfigurationPlatforms) = preSolution
		Debug|Any CPU = Debug|Any CPU
		Release|Any CPU = Release|Any CPU
	EndGlobalSection
	GlobalSection(ProjectConfigurationPlatforms) = postSolution
		{2F89F3CE-4B99-4DF2-B424-EDC857536307}.Debug|Any CPU.ActiveCfg = Debug|Any CPU
		{2F89F3CE-4B99-4DF2-B424-EDC857536307}.Debug|Any CPU.Build.0 = Debug|Any CPU
		{2F89F3CE-4B99-4DF2-B424-EDC857536307}.Release|Any CPU.ActiveCfg = Release|Any CPU
		{2F89F3CE-4B99-4DF2-B424-EDC857536307}.Release|Any CPU.Build.0 = Release|Any CPU
		{894058FD-F076-4B44-9A3B-2432B1E6F8FD}.Debug|Any CPU.ActiveCfg = Debug|Any CPU
		{894058FD-F076-4B44-9A3B-2432B1E6F8FD}.Debug|Any CPU.Build.0 = Debug|Any CPU
		{894058FD-F076-4B44-9A3B-2432B1E6F8FD}.Release|Any CPU.ActiveCfg = Release|Any CPU
		{894058FD-F076-4B44-9A3B-2432B1E6F8FD}.Release|Any CPU.Build.0 = Release|Any CPU
		{DBBEEC43-6311-406B-9DC6-9CF9F1750FAC}.Debug|Any CPU.ActiveCfg = Debug|Any CPU
		{DBBEEC43-6311-406B-9DC6-9CF9F1750FAC}.Debug|Any CPU.Build.0 = Debug|Any CPU
		{DBBEEC43-6311-406B-9DC6-9CF9F1750FAC}.Debug|Any CPU.Deploy.0 = Debug|Any CPU
		{DBBEEC43-6311-406B-9DC6-9CF9F1750FAC}.Release|Any CPU.ActiveCfg = Release|Any CPU
		{DBBEEC43-6311-406B-9DC6-9CF9F1750FAC}.Release|Any CPU.Build.0 = Release|Any CPU
		{213BDC56-6357-4D1C-B177-2ABA17CD2EB7}.Debug|Any CPU.ActiveCfg = Debug|Any CPU
		{213BDC56-6357-4D1C-B177-2ABA17CD2EB7}.Debug|Any CPU.Build.0 = Debug|Any CPU
		{213BDC56-6357-4D1C-B177-2ABA17CD2EB7}.Release|Any CPU.ActiveCfg = Release|Any CPU
		{213BDC56-6357-4D1C-B177-2ABA17CD2EB7}.Release|Any CPU.Build.0 = Release|Any CPU
		{8AE5DC08-6961-4B91-B8AE-15D4CEC4F14C}.Debug|Any CPU.ActiveCfg = Debug|Any CPU
		{8AE5DC08-6961-4B91-B8AE-15D4CEC4F14C}.Debug|Any CPU.Build.0 = Debug|Any CPU
		{8AE5DC08-6961-4B91-B8AE-15D4CEC4F14C}.Release|Any CPU.ActiveCfg = Release|Any CPU
		{8AE5DC08-6961-4B91-B8AE-15D4CEC4F14C}.Release|Any CPU.Build.0 = Release|Any CPU
	EndGlobalSection
	GlobalSection(SolutionProperties) = preSolution
		HideSolutionNode = FALSE
	EndGlobalSection
EndGlobal
